
Microsoft Visual Studio Solution File, Format Version 12.00
# Visual Studio 15
VisualStudioVersion = 15.0.28307.645
MinimumVisualStudioVersion = 10.0.40219.1
Project("{FAE04EC0-301F-11D3-BF4B-00C04F79EFBC}") = "uSync", "uSync\uSync.csproj", "{42F5B21F-30A8-4694-88FF-8C857CA271C5}"
EndProject
Project("{FAE04EC0-301F-11D3-BF4B-00C04F79EFBC}") = "Sender", "Sender\Sender.csproj", "{03EC13D2-A0AE-46C1-BCA8-15F0D86F5D83}"
EndProject
Global
	GlobalSection(SolutionConfigurationPlatforms) = preSolution
		Debug|Any CPU = Debug|Any CPU
		Release|Any CPU = Release|Any CPU
	EndGlobalSection
	GlobalSection(ProjectConfigurationPlatforms) = postSolution
		{42F5B21F-30A8-4694-88FF-8C857CA271C5}.Debug|Any CPU.ActiveCfg = Debug|Any CPU
		{42F5B21F-30A8-4694-88FF-8C857CA271C5}.Debug|Any CPU.Build.0 = Debug|Any CPU
		{42F5B21F-30A8-4694-88FF-8C857CA271C5}.Release|Any CPU.ActiveCfg = Release|Any CPU
		{42F5B21F-30A8-4694-88FF-8C857CA271C5}.Release|Any CPU.Build.0 = Release|Any CPU
		{03EC13D2-A0AE-46C1-BCA8-15F0D86F5D83}.Debug|Any CPU.ActiveCfg = Debug|Any CPU
		{03EC13D2-A0AE-46C1-BCA8-15F0D86F5D83}.Debug|Any CPU.Build.0 = Debug|Any CPU
		{03EC13D2-A0AE-46C1-BCA8-15F0D86F5D83}.Release|Any CPU.ActiveCfg = Release|Any CPU
		{03EC13D2-A0AE-46C1-BCA8-15F0D86F5D83}.Release|Any CPU.Build.0 = Release|Any CPU
	EndGlobalSection
	GlobalSection(SolutionProperties) = preSolution
		HideSolutionNode = FALSE
	EndGlobalSection
	GlobalSection(ExtensibilityGlobals) = postSolution
		SolutionGuid = {F25AE9AF-CBFE-47BF-B7BC-920BCDEC78AF}
	EndGlobalSection
EndGlobal
